
Microsoft Visual Studio Solution File, Format Version 12.00
# Visual Studio 2013
VisualStudioVersion = 12.0.21005.1
MinimumVisualStudioVersion = 10.0.40219.1
Project("{FAE04EC0-301F-11D3-BF4B-00C04F79EFBC}") = "DeBugSix01", "DeBugSix01\DeBugSix01.csproj", "{62731B05-B469-4DA3-9164-B10613B701BE}"
EndProject
Global
	GlobalSection(SolutionConfigurationPlatforms) = preSolution
		Debug|Any CPU = Debug|Any CPU
		Release|Any CPU = Release|Any CPU
	EndGlobalSection
	GlobalSection(ProjectConfigurationPlatforms) = postSolution
		{62731B05-B469-4DA3-9164-B10613B701BE}.Debug|Any CPU.ActiveCfg = Debug|Any CPU
		{62731B05-B469-4DA3-9164-B10613B701BE}.Debug|Any CPU.Build.0 = Debug|Any CPU
		{62731B05-B469-4DA3-9164-B10613B701BE}.Release|Any CPU.ActiveCfg = Release|Any CPU
		{62731B05-B469-4DA3-9164-B10613B701BE}.Release|Any CPU.Build.0 = Release|Any CPU
	EndGlobalSection
	GlobalSection(SolutionProperties) = preSolution
		HideSolutionNode = FALSE
	EndGlobalSection
EndGlobal
